// !$*UTF8*$!
{
	archiveVersion = 1;
	classes = {
	};
	objectVersion = 50;
	objects = {

/* Begin PBXBuildFile section */
		170ECA922129B27900AFB15B /* AppDelegate.swift in Sources */ = {isa = PBXBuildFile; fileRef = 170ECA912129B27900AFB15B /* AppDelegate.swift */; };
		170ECA942129B27900AFB15B /* WelcomeViewController.swift in Sources */ = {isa = PBXBuildFile; fileRef = 170ECA932129B27900AFB15B /* WelcomeViewController.swift */; };
		170ECA972129B27900AFB15B /* Main.storyboard in Resources */ = {isa = PBXBuildFile; fileRef = 170ECA952129B27900AFB15B /* Main.storyboard */; };
		170ECA9A2129B27900AFB15B /* RutasDeEntrega.xcdatamodeld in Sources */ = {isa = PBXBuildFile; fileRef = 170ECA982129B27900AFB15B /* RutasDeEntrega.xcdatamodeld */; };
		170ECA9C2129B27A00AFB15B /* Assets.xcassets in Resources */ = {isa = PBXBuildFile; fileRef = 170ECA9B2129B27A00AFB15B /* Assets.xcassets */; };
		170ECA9F2129B27A00AFB15B /* LaunchScreen.storyboard in Resources */ = {isa = PBXBuildFile; fileRef = 170ECA9D2129B27A00AFB15B /* LaunchScreen.storyboard */; };
		170ECAA72129B5C700AFB15B /* RutasViewController.swift in Sources */ = {isa = PBXBuildFile; fileRef = 170ECAA62129B5C700AFB15B /* RutasViewController.swift */; };
		170ECAA92129B5E600AFB15B /* NewUserViewController.swift in Sources */ = {isa = PBXBuildFile; fileRef = 170ECAA82129B5E600AFB15B /* NewUserViewController.swift */; };
		170ECAAB2129C56400AFB15B /* ChoferesViewController.swift in Sources */ = {isa = PBXBuildFile; fileRef = 170ECAAA2129C56400AFB15B /* ChoferesViewController.swift */; };
		170ECAAD2129C56D00AFB15B /* AjustesViewController.swift in Sources */ = {isa = PBXBuildFile; fileRef = 170ECAAC2129C56D00AFB15B /* AjustesViewController.swift */; };
		170ECAAF2129D21600AFB15B /* RutasDetailViewController.swift in Sources */ = {isa = PBXBuildFile; fileRef = 170ECAAE2129D21600AFB15B /* RutasDetailViewController.swift */; };
		170ECAB12129D22900AFB15B /* ChoferesDetailViewController.swift in Sources */ = {isa = PBXBuildFile; fileRef = 170ECAB02129D22900AFB15B /* ChoferesDetailViewController.swift */; };
		170ECAB82129F38200AFB15B /* Extensions.swift in Sources */ = {isa = PBXBuildFile; fileRef = 170ECAB72129F38200AFB15B /* Extensions.swift */; };
		1722E682213F1B4A0017E0FD /* Localizable.strings in Resources */ = {isa = PBXBuildFile; fileRef = 1722E681213F1B4A0017E0FD /* Localizable.strings */; };
		17D18377212B0D0D00EFF017 /* Helpers.swift in Sources */ = {isa = PBXBuildFile; fileRef = 17D18376212B0D0D00EFF017 /* Helpers.swift */; };
		17D18386212B4A1D00EFF017 /* Models.swift in Sources */ = {isa = PBXBuildFile; fileRef = 17D18385212B4A1D00EFF017 /* Models.swift */; };
/* End PBXBuildFile section */

/* Begin PBXFileReference section */
		170ECA8E2129B27900AFB15B /* RutasDeEntrega.app */ = {isa = PBXFileReference; explicitFileType = wrapper.application; includeInIndex = 0; path = RutasDeEntrega.app; sourceTree = BUILT_PRODUCTS_DIR; };
		170ECA912129B27900AFB15B /* AppDelegate.swift */ = {isa = PBXFileReference; lastKnownFileType = sourcecode.swift; path = AppDelegate.swift; sourceTree = "<group>"; };
		170ECA932129B27900AFB15B /* WelcomeViewController.swift */ = {isa = PBXFileReference; lastKnownFileType = sourcecode.swift; path = WelcomeViewController.swift; sourceTree = "<group>"; };
		170ECA962129B27900AFB15B /* Base */ = {isa = PBXFileReference; lastKnownFileType = file.storyboard; name = Base; path = Base.lproj/Main.storyboard; sourceTree = "<group>"; };
		170ECA992129B27900AFB15B /* RutasDeEntrega.xcdatamodel */ = {isa = PBXFileReference; lastKnownFileType = wrapper.xcdatamodel; path = RutasDeEntrega.xcdatamodel; sourceTree = "<group>"; };
		170ECA9B2129B27A00AFB15B /* Assets.xcassets */ = {isa = PBXFileReference; lastKnownFileType = folder.assetcatalog; path = Assets.xcassets; sourceTree = "<group>"; };
		170ECA9E2129B27A00AFB15B /* Base */ = {isa = PBXFileReference; lastKnownFileType = file.storyboard; name = Base; path = Base.lproj/LaunchScreen.storyboard; sourceTree = "<group>"; };
		170ECAA02129B27A00AFB15B /* Info.plist */ = {isa = PBXFileReference; lastKnownFileType = text.plist.xml; path = Info.plist; sourceTree = "<group>"; };
		170ECAA62129B5C700AFB15B /* RutasViewController.swift */ = {isa = PBXFileReference; lastKnownFileType = sourcecode.swift; path = RutasViewController.swift; sourceTree = "<group>"; };
		170ECAA82129B5E600AFB15B /* NewUserViewController.swift */ = {isa = PBXFileReference; lastKnownFileType = sourcecode.swift; path = NewUserViewController.swift; sourceTree = "<group>"; };
		170ECAAA2129C56400AFB15B /* ChoferesViewController.swift */ = {isa = PBXFileReference; lastKnownFileType = sourcecode.swift; path = ChoferesViewController.swift; sourceTree = "<group>"; };
		170ECAAC2129C56D00AFB15B /* AjustesViewController.swift */ = {isa = PBXFileReference; lastKnownFileType = sourcecode.swift; path = AjustesViewController.swift; sourceTree = "<group>"; };
		170ECAAE2129D21600AFB15B /* RutasDetailViewController.swift */ = {isa = PBXFileReference; lastKnownFileType = sourcecode.swift; path = RutasDetailViewController.swift; sourceTree = "<group>"; };
		170ECAB02129D22900AFB15B /* ChoferesDetailViewController.swift */ = {isa = PBXFileReference; lastKnownFileType = sourcecode.swift; path = ChoferesDetailViewController.swift; sourceTree = "<group>"; };
		170ECAB72129F38200AFB15B /* Extensions.swift */ = {isa = PBXFileReference; lastKnownFileType = sourcecode.swift; path = Extensions.swift; sourceTree = "<group>"; };
		1722E681213F1B4A0017E0FD /* Localizable.strings */ = {isa = PBXFileReference; lastKnownFileType = text.plist.strings; path = Localizable.strings; sourceTree = "<group>"; };
		17D18376212B0D0D00EFF017 /* Helpers.swift */ = {isa = PBXFileReference; lastKnownFileType = sourcecode.swift; path = Helpers.swift; sourceTree = "<group>"; };
		17D18385212B4A1D00EFF017 /* Models.swift */ = {isa = PBXFileReference; lastKnownFileType = sourcecode.swift; path = Models.swift; sourceTree = "<group>"; };
/* End PBXFileReference section */

/* Begin PBXFrameworksBuildPhase section */
		170ECA8B2129B27900AFB15B /* Frameworks */ = {
			isa = PBXFrameworksBuildPhase;
			buildActionMask = 2147483647;
			files = (
			);
			runOnlyForDeploymentPostprocessing = 0;
		};
/* End PBXFrameworksBuildPhase section */

/* Begin PBXGroup section */
		170ECA852129B27900AFB15B = {
			isa = PBXGroup;
			children = (
				170ECA902129B27900AFB15B /* RutasDeEntrega */,
				170ECA8F2129B27900AFB15B /* Products */,
			);
			sourceTree = "<group>";
		};
		170ECA8F2129B27900AFB15B /* Products */ = {
			isa = PBXGroup;
			children = (
				170ECA8E2129B27900AFB15B /* RutasDeEntrega.app */,
			);
			name = Products;
			sourceTree = "<group>";
		};
		170ECA902129B27900AFB15B /* RutasDeEntrega */ = {
			isa = PBXGroup;
			children = (
				170ECA912129B27900AFB15B /* AppDelegate.swift */,
				170ECAB72129F38200AFB15B /* Extensions.swift */,
				17D18376212B0D0D00EFF017 /* Helpers.swift */,
				17D18385212B4A1D00EFF017 /* Models.swift */,
				1722E681213F1B4A0017E0FD /* Localizable.strings */,
				170ECAB62129F34000AFB15B /* WelcomeScene */,
				170ECAB22129F2FE00AFB15B /* RoutesScene */,
				170ECAB32129F31300AFB15B /* DriversScene */,
				170ECAB42129F32600AFB15B /* SettingsScene */,
				170ECAB52129F33100AFB15B /* NewUserScene */,
				170ECA952129B27900AFB15B /* Main.storyboard */,
				170ECA9D2129B27A00AFB15B /* LaunchScreen.storyboard */,
				170ECA9B2129B27A00AFB15B /* Assets.xcassets */,
				170ECAA02129B27A00AFB15B /* Info.plist */,
				17D18384212B2EAC00EFF017 /* CoreData */,
			);
			path = RutasDeEntrega;
			sourceTree = "<group>";
		};
		170ECAB22129F2FE00AFB15B /* RoutesScene */ = {
			isa = PBXGroup;
			children = (
				170ECAA62129B5C700AFB15B /* RutasViewController.swift */,
				170ECAAE2129D21600AFB15B /* RutasDetailViewController.swift */,
			);
			path = RoutesScene;
			sourceTree = "<group>";
		};
		170ECAB32129F31300AFB15B /* DriversScene */ = {
			isa = PBXGroup;
			children = (
				170ECAAA2129C56400AFB15B /* ChoferesViewController.swift */,
				170ECAB02129D22900AFB15B /* ChoferesDetailViewController.swift */,
			);
			path = DriversScene;
			sourceTree = "<group>";
		};
		170ECAB42129F32600AFB15B /* SettingsScene */ = {
			isa = PBXGroup;
			children = (
				170ECAAC2129C56D00AFB15B /* AjustesViewController.swift */,
			);
			path = SettingsScene;
			sourceTree = "<group>";
		};
		170ECAB52129F33100AFB15B /* NewUserScene */ = {
			isa = PBXGroup;
			children = (
				170ECAA82129B5E600AFB15B /* NewUserViewController.swift */,
			);
			path = NewUserScene;
			sourceTree = "<group>";
		};
		170ECAB62129F34000AFB15B /* WelcomeScene */ = {
			isa = PBXGroup;
			children = (
				170ECA932129B27900AFB15B /* WelcomeViewController.swift */,
			);
			path = WelcomeScene;
			sourceTree = "<group>";
		};
		17D18384212B2EAC00EFF017 /* CoreData */ = {
			isa = PBXGroup;
			children = (
				170ECA982129B27900AFB15B /* RutasDeEntrega.xcdatamodeld */,
			);
			path = CoreData;
			sourceTree = "<group>";
		};
/* End PBXGroup section */

/* Begin PBXNativeTarget section */
		170ECA8D2129B27900AFB15B /* RutasDeEntrega */ = {
			isa = PBXNativeTarget;
			buildConfigurationList = 170ECAA32129B27A00AFB15B /* Build configuration list for PBXNativeTarget "RutasDeEntrega" */;
			buildPhases = (
				170ECA8A2129B27900AFB15B /* Sources */,
				170ECA8B2129B27900AFB15B /* Frameworks */,
				170ECA8C2129B27900AFB15B /* Resources */,
			);
			buildRules = (
			);
			dependencies = (
			);
			name = RutasDeEntrega;
			productName = RutasDeEntrega;
			productReference = 170ECA8E2129B27900AFB15B /* RutasDeEntrega.app */;
			productType = "com.apple.product-type.application";
		};
/* End PBXNativeTarget section */

/* Begin PBXProject section */
		170ECA862129B27900AFB15B /* Project object */ = {
			isa = PBXProject;
			attributes = {
				LastSwiftUpdateCheck = 0940;
				LastUpgradeCheck = 0940;
				ORGANIZATIONNAME = "Gispert Pelaez, Othmar (Accenture)";
				TargetAttributes = {
					170ECA8D2129B27900AFB15B = {
						CreatedOnToolsVersion = 9.4.1;
					};
				};
			};
			buildConfigurationList = 170ECA892129B27900AFB15B /* Build configuration list for PBXProject "RutasDeEntrega" */;
			compatibilityVersion = "Xcode 9.3";
			developmentRegion = en;
			hasScannedForEncodings = 0;
			knownRegions = (
				en,
				Base,
			);
			mainGroup = 170ECA852129B27900AFB15B;
			productRefGroup = 170ECA8F2129B27900AFB15B /* Products */;
			projectDirPath = "";
			projectRoot = "";
			targets = (
				170ECA8D2129B27900AFB15B /* RutasDeEntrega */,
			);
		};
/* End PBXProject section */

/* Begin PBXResourcesBuildPhase section */
		170ECA8C2129B27900AFB15B /* Resources */ = {
			isa = PBXResourcesBuildPhase;
			buildActionMask = 2147483647;
			files = (
				170ECA9F2129B27A00AFB15B /* LaunchScreen.storyboard in Resources */,
				1722E682213F1B4A0017E0FD /* Localizable.strings in Resources */,
				170ECA9C2129B27A00AFB15B /* Assets.xcassets in Resources */,
				170ECA972129B27900AFB15B /* Main.storyboard in Resources */,
			);
			runOnlyForDeploymentPostprocessing = 0;
		};
/* End PBXResourcesBuildPhase section */

/* Begin PBXSourcesBuildPhase section */
		170ECA8A2129B27900AFB15B /* Sources */ = {
			isa = PBXSourcesBuildPhase;
			buildActionMask = 2147483647;
			files = (
				170ECAAD2129C56D00AFB15B /* AjustesViewController.swift in Sources */,
				170ECAA72129B5C700AFB15B /* RutasViewController.swift in Sources */,
				170ECA942129B27900AFB15B /* WelcomeViewController.swift in Sources */,
				17D18386212B4A1D00EFF017 /* Models.swift in Sources */,
				170ECAAF2129D21600AFB15B /* RutasDetailViewController.swift in Sources */,
				17D18377212B0D0D00EFF017 /* Helpers.swift in Sources */,
				170ECAA92129B5E600AFB15B /* NewUserViewController.swift in Sources */,
				170ECAB82129F38200AFB15B /* Extensions.swift in Sources */,
				170ECA9A2129B27900AFB15B /* RutasDeEntrega.xcdatamodeld in Sources */,
				170ECAB12129D22900AFB15B /* ChoferesDetailViewController.swift in Sources */,
				170ECA922129B27900AFB15B /* AppDelegate.swift in Sources */,
				170ECAAB2129C56400AFB15B /* ChoferesViewController.swift in Sources */,
			);
			runOnlyForDeploymentPostprocessing = 0;
		};
/* End PBXSourcesBuildPhase section */

/* Begin PBXVariantGroup section */
		170ECA952129B27900AFB15B /* Main.storyboard */ = {
			isa = PBXVariantGroup;
			children = (
				170ECA962129B27900AFB15B /* Base */,
			);
			name = Main.storyboard;
			sourceTree = "<group>";
		};
		170ECA9D2129B27A00AFB15B /* LaunchScreen.storyboard */ = {
			isa = PBXVariantGroup;
			children = (
				170ECA9E2129B27A00AFB15B /* Base */,
			);
			name = LaunchScreen.storyboard;
			sourceTree = "<group>";
		};
/* End PBXVariantGroup section */

/* Begin XCBuildConfiguration section */
		170ECAA12129B27A00AFB15B /* Debug */ = {
			isa = XCBuildConfiguration;
			buildSettings = {
				ALWAYS_SEARCH_USER_PATHS = NO;
				CLANG_ANALYZER_NONNULL = YES;
				CLANG_ANALYZER_NUMBER_OBJECT_CONVERSION = YES_AGGRESSIVE;
				CLANG_CXX_LANGUAGE_STANDARD = "gnu++14";
				CLANG_CXX_LIBRARY = "libc++";
				CLANG_ENABLE_MODULES = YES;
				CLANG_ENABLE_OBJC_ARC = YES;
				CLANG_ENABLE_OBJC_WEAK = YES;
				CLANG_WARN_BLOCK_CAPTURE_AUTORELEASING = YES;
				CLANG_WARN_BOOL_CONVERSION = YES;
				CLANG_WARN_COMMA = YES;
				CLANG_WARN_CONSTANT_CONVERSION = YES;
				CLANG_WARN_DEPRECATED_OBJC_IMPLEMENTATIONS = YES;
				CLANG_WARN_DIRECT_OBJC_ISA_USAGE = YES_ERROR;
				CLANG_WARN_DOCUMENTATION_COMMENTS = YES;
				CLANG_WARN_EMPTY_BODY = YES;
				CLANG_WARN_ENUM_CONVERSION = YES;
				CLANG_WARN_INFINITE_RECURSION = YES;
				CLANG_WARN_INT_CONVERSION = YES;
				CLANG_WARN_NON_LITERAL_NULL_CONVERSION = YES;
				CLANG_WARN_OBJC_IMPLICIT_RETAIN_SELF = YES;
				CLANG_WARN_OBJC_LITERAL_CONVERSION = YES;
				CLANG_WARN_OBJC_ROOT_CLASS = YES_ERROR;
				CLANG_WARN_RANGE_LOOP_ANALYSIS = YES;
				CLANG_WARN_STRICT_PROTOTYPES = YES;
				CLANG_WARN_SUSPICIOUS_MOVE = YES;
				CLANG_WARN_UNGUARDED_AVAILABILITY = YES_AGGRESSIVE;
				CLANG_WARN_UNREACHABLE_CODE = YES;
				CLANG_WARN__DUPLICATE_METHOD_MATCH = YES;
				CODE_SIGN_IDENTITY = "iPhone Developer";
				COPY_PHASE_STRIP = NO;
				DEBUG_INFORMATION_FORMAT = dwarf;
				ENABLE_STRICT_OBJC_MSGSEND = YES;
				ENABLE_TESTABILITY = YES;
				GCC_C_LANGUAGE_STANDARD = gnu11;
				GCC_DYNAMIC_NO_PIC = NO;
				GCC_NO_COMMON_BLOCKS = YES;
				GCC_OPTIMIZATION_LEVEL = 0;
				GCC_PREPROCESSOR_DEFINITIONS = (
					"DEBUG=1",
					"$(inherited)",
				);
				GCC_WARN_64_TO_32_BIT_CONVERSION = YES;
				GCC_WARN_ABOUT_RETURN_TYPE = YES_ERROR;
				GCC_WARN_UNDECLARED_SELECTOR = YES;
				GCC_WARN_UNINITIALIZED_AUTOS = YES_AGGRESSIVE;
				GCC_WARN_UNUSED_FUNCTION = YES;
				GCC_WARN_UNUSED_VARIABLE = YES;
				IPHONEOS_DEPLOYMENT_TARGET = 11.4;
				MTL_ENABLE_DEBUG_INFO = YES;
				ONLY_ACTIVE_ARCH = YES;
				SDKROOT = iphoneos;
				SWIFT_ACTIVE_COMPILATION_CONDITIONS = DEBUG;
				SWIFT_OPTIMIZATION_LEVEL = "-Onone";
			};
			name = Debug;
		};
		170ECAA22129B27A00AFB15B /* Release */ = {
			isa = XCBuildConfiguration;
			buildSettings = {
				ALWAYS_SEARCH_USER_PATHS = NO;
				CLANG_ANALYZER_NONNULL = YES;
				CLANG_ANALYZER_NUMBER_OBJECT_CONVERSION = YES_AGGRESSIVE;
				CLANG_CXX_LANGUAGE_STANDARD = "gnu++14";
				CLANG_CXX_LIBRARY = "libc++";
				CLANG_ENABLE_MODULES = YES;
				CLANG_ENABLE_OBJC_ARC = YES;
				CLANG_ENABLE_OBJC_WEAK = YES;
				CLANG_WARN_BLOCK_CAPTURE_AUTORELEASING = YES;
				CLANG_WARN_BOOL_CONVERSION = YES;
				CLANG_WARN_COMMA = YES;
				CLANG_WARN_CONSTANT_CONVERSION = YES;
				CLANG_WARN_DEPRECATED_OBJC_IMPLEMENTATIONS = YES;
				CLANG_WARN_DIRECT_OBJC_ISA_USAGE = YES_ERROR;
				CLANG_WARN_DOCUMENTATION_COMMENTS = YES;
				CLANG_WARN_EMPTY_BODY = YES;
				CLANG_WARN_ENUM_CONVERSION = YES;
				CLANG_WARN_INFINITE_RECURSION = YES;
				CLANG_WARN_INT_CONVERSION = YES;
				CLANG_WARN_NON_LITERAL_NULL_CONVERSION = YES;
				CLANG_WARN_OBJC_IMPLICIT_RETAIN_SELF = YES;
				CLANG_WARN_OBJC_LITERAL_CONVERSION = YES;
				CLANG_WARN_OBJC_ROOT_CLASS = YES_ERROR;
				CLANG_WARN_RANGE_LOOP_ANALYSIS = YES;
				CLANG_WARN_STRICT_PROTOTYPES = YES;
				CLANG_WARN_SUSPICIOUS_MOVE = YES;
				CLANG_WARN_UNGUARDED_AVAILABILITY = YES_AGGRESSIVE;
				CLANG_WARN_UNREACHABLE_CODE = YES;
				CLANG_WARN__DUPLICATE_METHOD_MATCH = YES;
				CODE_SIGN_IDENTITY = "iPhone Developer";
				COPY_PHASE_STRIP = NO;
				DEBUG_INFORMATION_FORMAT = "dwarf-with-dsym";
				ENABLE_NS_ASSERTIONS = NO;
				ENABLE_STRICT_OBJC_MSGSEND = YES;
				GCC_C_LANGUAGE_STANDARD = gnu11;
				GCC_NO_COMMON_BLOCKS = YES;
				GCC_WARN_64_TO_32_BIT_CONVERSION = YES;
				GCC_WARN_ABOUT_RETURN_TYPE = YES_ERROR;
				GCC_WARN_UNDECLARED_SELECTOR = YES;
				GCC_WARN_UNINITIALIZED_AUTOS = YES_AGGRESSIVE;
				GCC_WARN_UNUSED_FUNCTION = YES;
				GCC_WARN_UNUSED_VARIABLE = YES;
				IPHONEOS_DEPLOYMENT_TARGET = 11.4;
				MTL_ENABLE_DEBUG_INFO = NO;
				SDKROOT = iphoneos;
				SWIFT_COMPILATION_MODE = wholemodule;
				SWIFT_OPTIMIZATION_LEVEL = "-O";
				VALIDATE_PRODUCT = YES;
			};
			name = Release;
		};
		170ECAA42129B27A00AFB15B /* Debug */ = {
			isa = XCBuildConfiguration;
			buildSettings = {
				ASSETCATALOG_COMPILER_APPICON_NAME = AppIcon;
				CODE_SIGN_IDENTITY = "";
				CODE_SIGN_STYLE = Manual;
				DEVELOPMENT_TEAM = "";
				INFOPLIST_FILE = RutasDeEntrega/Info.plist;
				LD_RUNPATH_SEARCH_PATHS = (
					"$(inherited)",
					"@executable_path/Frameworks",
				);
				PRODUCT_BUNDLE_IDENTIFIER = com.igispert.RutasDeEntrega;
				PRODUCT_NAME = "$(TARGET_NAME)";
				PROVISIONING_PROFILE_SPECIFIER = "";
				SWIFT_VERSION = 4.0;
				TARGETED_DEVICE_FAMILY = "1,2";
			};
			name = Debug;
		};
		170ECAA52129B27A00AFB15B /* Release */ = {
			isa = XCBuildConfiguration;
			buildSettings = {
				ASSETCATALOG_COMPILER_APPICON_NAME = AppIcon;
				CODE_SIGN_IDENTITY = "";
				CODE_SIGN_STYLE = Manual;
				DEVELOPMENT_TEAM = "";
				INFOPLIST_FILE = RutasDeEntrega/Info.plist;
				LD_RUNPATH_SEARCH_PATHS = (
					"$(inherited)",
					"@executable_path/Frameworks",
				);
				PRODUCT_BUNDLE_IDENTIFIER = com.igispert.RutasDeEntrega;
				PRODUCT_NAME = "$(TARGET_NAME)";
				PROVISIONING_PROFILE_SPECIFIER = "";
				SWIFT_VERSION = 4.0;
				TARGETED_DEVICE_FAMILY = "1,2";
			};
			name = Release;
		};
/* End XCBuildConfiguration section */

/* Begin XCConfigurationList section */
		170ECA892129B27900AFB15B /* Build configuration list for PBXProject "RutasDeEntrega" */ = {
			isa = XCConfigurationList;
			buildConfigurations = (
				170ECAA12129B27A00AFB15B /* Debug */,
				170ECAA22129B27A00AFB15B /* Release */,
			);
			defaultConfigurationIsVisible = 0;
			defaultConfigurationName = Release;
		};
		170ECAA32129B27A00AFB15B /* Build configuration list for PBXNativeTarget "RutasDeEntrega" */ = {
			isa = XCConfigurationList;
			buildConfigurations = (
				170ECAA42129B27A00AFB15B /* Debug */,
				170ECAA52129B27A00AFB15B /* Release */,
			);
			defaultConfigurationIsVisible = 0;
			defaultConfigurationName = Release;
		};
/* End XCConfigurationList section */

/* Begin XCVersionGroup section */
		170ECA982129B27900AFB15B /* RutasDeEntrega.xcdatamodeld */ = {
			isa = XCVersionGroup;
			children = (
				170ECA992129B27900AFB15B /* RutasDeEntrega.xcdatamodel */,
			);
			currentVersion = 170ECA992129B27900AFB15B /* RutasDeEntrega.xcdatamodel */;
			path = RutasDeEntrega.xcdatamodeld;
			sourceTree = "<group>";
			versionGroupType = wrapper.xcdatamodel;
		};
/* End XCVersionGroup section */
	};
	rootObject = 170ECA862129B27900AFB15B /* Project object */;
}
